
Microsoft Visual Studio Solution File, Format Version 12.00
# Visual Studio Version 17
VisualStudioVersion = 17.10.35013.160
MinimumVisualStudioVersion = 10.0.40219.1
Project("{FAE04EC0-301F-11D3-BF4B-00C04F79EFBC}") = "BulkyWeb", "BulkyWeb\BulkyWeb.csproj", "{63F54F23-371B-4190-AD19-C9266DD94BDF}"
EndProject
Global
	GlobalSection(SolutionConfigurationPlatforms) = preSolution
		Debug|Any CPU = Debug|Any CPU
		Release|Any CPU = Release|Any CPU
	EndGlobalSection
	GlobalSection(ProjectConfigurationPlatforms) = postSolution
		{63F54F23-371B-4190-AD19-C9266DD94BDF}.Debug|Any CPU.ActiveCfg = Debug|Any CPU
		{63F54F23-371B-4190-AD19-C9266DD94BDF}.Debug|Any CPU.Build.0 = Debug|Any CPU
		{63F54F23-371B-4190-AD19-C9266DD94BDF}.Release|Any CPU.ActiveCfg = Release|Any CPU
		{63F54F23-371B-4190-AD19-C9266DD94BDF}.Release|Any CPU.Build.0 = Release|Any CPU
	EndGlobalSection
	GlobalSection(SolutionProperties) = preSolution
		HideSolutionNode = FALSE
	EndGlobalSection
	GlobalSection(ExtensibilityGlobals) = postSolution
		SolutionGuid = {3F2B627B-17D8-474C-BF45-54BC67F32371}
	EndGlobalSection
EndGlobal
